
Microsoft Visual Studio Solution File, Format Version 12.00
# Visual Studio 15
VisualStudioVersion = 15.0.27428.2005
MinimumVisualStudioVersion = 10.0.40219.1
Project("{FAE04EC0-301F-11D3-BF4B-00C04F79EFBC}") = "RockPaperScissors.Library", "RockPaperScissors.Library\RockPaperScissors.Library.csproj", "{7E47AC65-4C1F-42C6-B67D-62FD8F5ED336}"
EndProject
Project("{FAE04EC0-301F-11D3-BF4B-00C04F79EFBC}") = "RockPaperScissors.Tests", "RockPaperScissors.Tests\RockPaperScissors.Tests.csproj", "{B6407738-D902-45F5-92F6-5B1E5EE9812D}"
EndProject
Global
	GlobalSection(SolutionConfigurationPlatforms) = preSolution
		Debug|Any CPU = Debug|Any CPU
		Release|Any CPU = Release|Any CPU
	EndGlobalSection
	GlobalSection(ProjectConfigurationPlatforms) = postSolution
		{7E47AC65-4C1F-42C6-B67D-62FD8F5ED336}.Debug|Any CPU.ActiveCfg = Debug|Any CPU
		{7E47AC65-4C1F-42C6-B67D-62FD8F5ED336}.Debug|Any CPU.Build.0 = Debug|Any CPU
		{7E47AC65-4C1F-42C6-B67D-62FD8F5ED336}.Release|Any CPU.ActiveCfg = Release|Any CPU
		{7E47AC65-4C1F-42C6-B67D-62FD8F5ED336}.Release|Any CPU.Build.0 = Release|Any CPU
		{B6407738-D902-45F5-92F6-5B1E5EE9812D}.Debug|Any CPU.ActiveCfg = Debug|Any CPU
		{B6407738-D902-45F5-92F6-5B1E5EE9812D}.Debug|Any CPU.Build.0 = Debug|Any CPU
		{B6407738-D902-45F5-92F6-5B1E5EE9812D}.Release|Any CPU.ActiveCfg = Release|Any CPU
		{B6407738-D902-45F5-92F6-5B1E5EE9812D}.Release|Any CPU.Build.0 = Release|Any CPU
	EndGlobalSection
	GlobalSection(SolutionProperties) = preSolution
		HideSolutionNode = FALSE
	EndGlobalSection
	GlobalSection(ExtensibilityGlobals) = postSolution
		SolutionGuid = {BDCFF4AC-FEE1-48CD-9850-8D8C2EF6DD42}
	EndGlobalSection
EndGlobal
